# generated by rye
# use `rye lock` or `rye sync` to update this lockfile
#
# last locked with the following flags:
#   pre: false
#   features: []
#   all-features: false
#   with-sources: false

-e file:.
black==24.4.2
click==8.1.7
    # via black
colorama==0.4.6
    # via click
    # via pytest
flake8==7.0.0
iniconfig==2.0.0
    # via pytest
isort==5.13.2
mccabe==0.7.0
    # via flake8
mypy==1.10.0
mypy-extensions==1.0.0
    # via black
    # via mypy
packaging==24.0
    # via black
    # via pytest
pathspec==0.12.1
    # via black
platformdirs==4.2.1
    # via black
pluggy==1.5.0
    # via pytest
pycodestyle==2.11.1
    # via flake8
pyflakes==3.2.0
    # via flake8
pytest==8.2.0
    # via learn-pytest-with-github-actions
typing-extensions==4.11.0
    # via mypy
